// !$*UTF8*$!
{
	archiveVersion = 1;
	classes = {
	};
	objectVersion = 48;
	objects = {

/* Begin PBXBuildFile section */
		C72091C91FF18AD40026227B /* AppDelegate.swift in Sources */ = {isa = PBXBuildFile; fileRef = C72091C81FF18AD40026227B /* AppDelegate.swift */; };
		C72091CE1FF18AD40026227B /* Main.storyboard in Resources */ = {isa = PBXBuildFile; fileRef = C72091CC1FF18AD40026227B /* Main.storyboard */; };
		C72091D01FF18AD40026227B /* Assets.xcassets in Resources */ = {isa = PBXBuildFile; fileRef = C72091CF1FF18AD40026227B /* Assets.xcassets */; };
		C72091D31FF18AD40026227B /* LaunchScreen.storyboard in Resources */ = {isa = PBXBuildFile; fileRef = C72091D11FF18AD40026227B /* LaunchScreen.storyboard */; };
		C72091DE1FF191280026227B /* Beer.swift in Sources */ = {isa = PBXBuildFile; fileRef = C72091DD1FF191280026227B /* Beer.swift */; };
		C72091E01FF1913D0026227B /* Location.swift in Sources */ = {isa = PBXBuildFile; fileRef = C72091DF1FF1913D0026227B /* Location.swift */; };
		C7D859C91FF2B8D200A4C1B2 /* Rateable.swift in Sources */ = {isa = PBXBuildFile; fileRef = C7D859C81FF2B8D200A4C1B2 /* Rateable.swift */; };
		C7D859CB1FF2C32F00A4C1B2 /* BeersViewController.swift in Sources */ = {isa = PBXBuildFile; fileRef = C7D859CA1FF2C32F00A4C1B2 /* BeersViewController.swift */; };
		C7D859CD1FF2C42900A4C1B2 /* BeerCell.swift in Sources */ = {isa = PBXBuildFile; fileRef = C7D859CC1FF2C42900A4C1B2 /* BeerCell.swift */; };
		C7DE1D221FF3AC93005B202A /* AddBeerViewController.swift in Sources */ = {isa = PBXBuildFile; fileRef = C7DE1D211FF3AC93005B202A /* AddBeerViewController.swift */; };
		C7DE1D241FF3EF77005B202A /* Color.swift in Sources */ = {isa = PBXBuildFile; fileRef = C7DE1D231FF3EF77005B202A /* Color.swift */; };
		C7DE1D261FF4007B005B202A /* BeerViewController.swift in Sources */ = {isa = PBXBuildFile; fileRef = C7DE1D251FF4007B005B202A /* BeerViewController.swift */; };
		C7E039C11FF4229C00D9175F /* PrimarySplitViewController.swift in Sources */ = {isa = PBXBuildFile; fileRef = C7E039C01FF4229C00D9175F /* PrimarySplitViewController.swift */; };
		C7F94AEF1FF2B75400A7542A /* User.swift in Sources */ = {isa = PBXBuildFile; fileRef = C7F94AEE1FF2B75400A7542A /* User.swift */; };
/* End PBXBuildFile section */

/* Begin PBXFileReference section */
		C72091C51FF18AD30026227B /* Beer tracker.app */ = {isa = PBXFileReference; explicitFileType = wrapper.application; includeInIndex = 0; path = "Beer tracker.app"; sourceTree = BUILT_PRODUCTS_DIR; };
		C72091C81FF18AD40026227B /* AppDelegate.swift */ = {isa = PBXFileReference; lastKnownFileType = sourcecode.swift; path = AppDelegate.swift; sourceTree = "<group>"; };
		C72091CD1FF18AD40026227B /* Base */ = {isa = PBXFileReference; lastKnownFileType = file.storyboard; name = Base; path = Base.lproj/Main.storyboard; sourceTree = "<group>"; };
		C72091CF1FF18AD40026227B /* Assets.xcassets */ = {isa = PBXFileReference; lastKnownFileType = folder.assetcatalog; path = Assets.xcassets; sourceTree = "<group>"; };
		C72091D21FF18AD40026227B /* Base */ = {isa = PBXFileReference; lastKnownFileType = file.storyboard; name = Base; path = Base.lproj/LaunchScreen.storyboard; sourceTree = "<group>"; };
		C72091D41FF18AD40026227B /* Info.plist */ = {isa = PBXFileReference; lastKnownFileType = text.plist.xml; path = Info.plist; sourceTree = "<group>"; };
		C72091DD1FF191280026227B /* Beer.swift */ = {isa = PBXFileReference; lastKnownFileType = sourcecode.swift; path = Beer.swift; sourceTree = "<group>"; };
		C72091DF1FF1913D0026227B /* Location.swift */ = {isa = PBXFileReference; lastKnownFileType = sourcecode.swift; path = Location.swift; sourceTree = "<group>"; };
		C7D859C81FF2B8D200A4C1B2 /* Rateable.swift */ = {isa = PBXFileReference; lastKnownFileType = sourcecode.swift; path = Rateable.swift; sourceTree = "<group>"; };
		C7D859CA1FF2C32F00A4C1B2 /* BeersViewController.swift */ = {isa = PBXFileReference; lastKnownFileType = sourcecode.swift; path = BeersViewController.swift; sourceTree = "<group>"; };
		C7D859CC1FF2C42900A4C1B2 /* BeerCell.swift */ = {isa = PBXFileReference; lastKnownFileType = sourcecode.swift; path = BeerCell.swift; sourceTree = "<group>"; };
		C7DE1D211FF3AC93005B202A /* AddBeerViewController.swift */ = {isa = PBXFileReference; lastKnownFileType = sourcecode.swift; path = AddBeerViewController.swift; sourceTree = "<group>"; };
		C7DE1D231FF3EF77005B202A /* Color.swift */ = {isa = PBXFileReference; lastKnownFileType = sourcecode.swift; path = Color.swift; sourceTree = "<group>"; };
		C7DE1D251FF4007B005B202A /* BeerViewController.swift */ = {isa = PBXFileReference; lastKnownFileType = sourcecode.swift; path = BeerViewController.swift; sourceTree = "<group>"; };
		C7E039C01FF4229C00D9175F /* PrimarySplitViewController.swift */ = {isa = PBXFileReference; lastKnownFileType = sourcecode.swift; path = PrimarySplitViewController.swift; sourceTree = "<group>"; };
		C7F94AEE1FF2B75400A7542A /* User.swift */ = {isa = PBXFileReference; lastKnownFileType = sourcecode.swift; path = User.swift; sourceTree = "<group>"; };
/* End PBXFileReference section */

/* Begin PBXFrameworksBuildPhase section */
		C72091C21FF18AD30026227B /* Frameworks */ = {
			isa = PBXFrameworksBuildPhase;
			buildActionMask = 2147483647;
			files = (
			);
			runOnlyForDeploymentPostprocessing = 0;
		};
/* End PBXFrameworksBuildPhase section */

/* Begin PBXGroup section */
		C72091BC1FF18AD30026227B = {
			isa = PBXGroup;
			children = (
				C72091C71FF18AD30026227B /* Beer tracker */,
				C72091C61FF18AD30026227B /* Products */,
			);
			sourceTree = "<group>";
		};
		C72091C61FF18AD30026227B /* Products */ = {
			isa = PBXGroup;
			children = (
				C72091C51FF18AD30026227B /* Beer tracker.app */,
			);
			name = Products;
			sourceTree = "<group>";
		};
		C72091C71FF18AD30026227B /* Beer tracker */ = {
			isa = PBXGroup;
			children = (
				C72091DC1FF18DCD0026227B /* ViewControllers */,
				C72091DB1FF18DC90026227B /* Views */,
				C72091DA1FF18DC40026227B /* Model */,
				C72091C81FF18AD40026227B /* AppDelegate.swift */,
				C72091CC1FF18AD40026227B /* Main.storyboard */,
				C72091CF1FF18AD40026227B /* Assets.xcassets */,
				C72091D11FF18AD40026227B /* LaunchScreen.storyboard */,
				C72091D41FF18AD40026227B /* Info.plist */,
			);
			path = "Beer tracker";
			sourceTree = "<group>";
		};
		C72091DA1FF18DC40026227B /* Model */ = {
			isa = PBXGroup;
			children = (
				C72091DD1FF191280026227B /* Beer.swift */,
				C72091DF1FF1913D0026227B /* Location.swift */,
				C7F94AEE1FF2B75400A7542A /* User.swift */,
				C7D859C81FF2B8D200A4C1B2 /* Rateable.swift */,
				C7DE1D231FF3EF77005B202A /* Color.swift */,
			);
			path = Model;
			sourceTree = "<group>";
		};
		C72091DB1FF18DC90026227B /* Views */ = {
			isa = PBXGroup;
			children = (
				C7D859CC1FF2C42900A4C1B2 /* BeerCell.swift */,
			);
			path = Views;
			sourceTree = "<group>";
		};
		C72091DC1FF18DCD0026227B /* ViewControllers */ = {
			isa = PBXGroup;
			children = (
				C7D859CA1FF2C32F00A4C1B2 /* BeersViewController.swift */,
				C7DE1D211FF3AC93005B202A /* AddBeerViewController.swift */,
				C7DE1D251FF4007B005B202A /* BeerViewController.swift */,
				C7E039C01FF4229C00D9175F /* PrimarySplitViewController.swift */,
			);
			path = ViewControllers;
			sourceTree = "<group>";
		};
/* End PBXGroup section */

/* Begin PBXNativeTarget section */
		C72091C41FF18AD30026227B /* Beer tracker */ = {
			isa = PBXNativeTarget;
			buildConfigurationList = C72091D71FF18AD40026227B /* Build configuration list for PBXNativeTarget "Beer tracker" */;
			buildPhases = (
				C72091C11FF18AD30026227B /* Sources */,
				C72091C21FF18AD30026227B /* Frameworks */,
				C72091C31FF18AD30026227B /* Resources */,
			);
			buildRules = (
			);
			dependencies = (
			);
			name = "Beer tracker";
			productName = "Beer tracker";
			productReference = C72091C51FF18AD30026227B /* Beer tracker.app */;
			productType = "com.apple.product-type.application";
		};
/* End PBXNativeTarget section */

/* Begin PBXProject section */
		C72091BD1FF18AD30026227B /* Project object */ = {
			isa = PBXProject;
			attributes = {
				LastSwiftUpdateCheck = 0920;
				LastUpgradeCheck = 0920;
				ORGANIZATIONNAME = "Michiel Glibert";
				TargetAttributes = {
					C72091C41FF18AD30026227B = {
						CreatedOnToolsVersion = 9.2;
						ProvisioningStyle = Automatic;
					};
				};
			};
			buildConfigurationList = C72091C01FF18AD30026227B /* Build configuration list for PBXProject "Beer tracker" */;
			compatibilityVersion = "Xcode 8.0";
			developmentRegion = en;
			hasScannedForEncodings = 0;
			knownRegions = (
				en,
				Base,
			);
			mainGroup = C72091BC1FF18AD30026227B;
			productRefGroup = C72091C61FF18AD30026227B /* Products */;
			projectDirPath = "";
			projectRoot = "";
			targets = (
				C72091C41FF18AD30026227B /* Beer tracker */,
			);
		};
/* End PBXProject section */

/* Begin PBXResourcesBuildPhase section */
		C72091C31FF18AD30026227B /* Resources */ = {
			isa = PBXResourcesBuildPhase;
			buildActionMask = 2147483647;
			files = (
				C72091D31FF18AD40026227B /* LaunchScreen.storyboard in Resources */,
				C72091D01FF18AD40026227B /* Assets.xcassets in Resources */,
				C72091CE1FF18AD40026227B /* Main.storyboard in Resources */,
			);
			runOnlyForDeploymentPostprocessing = 0;
		};
/* End PBXResourcesBuildPhase section */

/* Begin PBXSourcesBuildPhase section */
		C72091C11FF18AD30026227B /* Sources */ = {
			isa = PBXSourcesBuildPhase;
			buildActionMask = 2147483647;
			files = (
				C7DE1D261FF4007B005B202A /* BeerViewController.swift in Sources */,
				C7E039C11FF4229C00D9175F /* PrimarySplitViewController.swift in Sources */,
				C7D859C91FF2B8D200A4C1B2 /* Rateable.swift in Sources */,
				C7F94AEF1FF2B75400A7542A /* User.swift in Sources */,
				C7D859CD1FF2C42900A4C1B2 /* BeerCell.swift in Sources */,
				C7D859CB1FF2C32F00A4C1B2 /* BeersViewController.swift in Sources */,
				C7DE1D221FF3AC93005B202A /* AddBeerViewController.swift in Sources */,
				C72091DE1FF191280026227B /* Beer.swift in Sources */,
				C72091E01FF1913D0026227B /* Location.swift in Sources */,
				C72091C91FF18AD40026227B /* AppDelegate.swift in Sources */,
				C7DE1D241FF3EF77005B202A /* Color.swift in Sources */,
			);
			runOnlyForDeploymentPostprocessing = 0;
		};
/* End PBXSourcesBuildPhase section */

/* Begin PBXVariantGroup section */
		C72091CC1FF18AD40026227B /* Main.storyboard */ = {
			isa = PBXVariantGroup;
			children = (
				C72091CD1FF18AD40026227B /* Base */,
			);
			name = Main.storyboard;
			sourceTree = "<group>";
		};
		C72091D11FF18AD40026227B /* LaunchScreen.storyboard */ = {
			isa = PBXVariantGroup;
			children = (
				C72091D21FF18AD40026227B /* Base */,
			);
			name = LaunchScreen.storyboard;
			sourceTree = "<group>";
		};
/* End PBXVariantGroup section */

/* Begin XCBuildConfiguration section */
		C72091D51FF18AD40026227B /* Debug */ = {
			isa = XCBuildConfiguration;
			buildSettings = {
				ALWAYS_SEARCH_USER_PATHS = NO;
				CLANG_ANALYZER_NONNULL = YES;
				CLANG_ANALYZER_NUMBER_OBJECT_CONVERSION = YES_AGGRESSIVE;
				CLANG_CXX_LANGUAGE_STANDARD = "gnu++14";
				CLANG_CXX_LIBRARY = "libc++";
				CLANG_ENABLE_MODULES = YES;
				CLANG_ENABLE_OBJC_ARC = YES;
				CLANG_WARN_BLOCK_CAPTURE_AUTORELEASING = YES;
				CLANG_WARN_BOOL_CONVERSION = YES;
				CLANG_WARN_COMMA = YES;
				CLANG_WARN_CONSTANT_CONVERSION = YES;
				CLANG_WARN_DIRECT_OBJC_ISA_USAGE = YES_ERROR;
				CLANG_WARN_DOCUMENTATION_COMMENTS = YES;
				CLANG_WARN_EMPTY_BODY = YES;
				CLANG_WARN_ENUM_CONVERSION = YES;
				CLANG_WARN_INFINITE_RECURSION = YES;
				CLANG_WARN_INT_CONVERSION = YES;
				CLANG_WARN_NON_LITERAL_NULL_CONVERSION = YES;
				CLANG_WARN_OBJC_LITERAL_CONVERSION = YES;
				CLANG_WARN_OBJC_ROOT_CLASS = YES_ERROR;
				CLANG_WARN_RANGE_LOOP_ANALYSIS = YES;
				CLANG_WARN_STRICT_PROTOTYPES = YES;
				CLANG_WARN_SUSPICIOUS_MOVE = YES;
				CLANG_WARN_UNGUARDED_AVAILABILITY = YES_AGGRESSIVE;
				CLANG_WARN_UNREACHABLE_CODE = YES;
				CLANG_WARN__DUPLICATE_METHOD_MATCH = YES;
				CODE_SIGN_IDENTITY = "iPhone Developer";
				COPY_PHASE_STRIP = NO;
				DEBUG_INFORMATION_FORMAT = dwarf;
				ENABLE_STRICT_OBJC_MSGSEND = YES;
				ENABLE_TESTABILITY = YES;
				GCC_C_LANGUAGE_STANDARD = gnu11;
				GCC_DYNAMIC_NO_PIC = NO;
				GCC_NO_COMMON_BLOCKS = YES;
				GCC_OPTIMIZATION_LEVEL = 0;
				GCC_PREPROCESSOR_DEFINITIONS = (
					"DEBUG=1",
					"$(inherited)",
				);
				GCC_WARN_64_TO_32_BIT_CONVERSION = YES;
				GCC_WARN_ABOUT_RETURN_TYPE = YES_ERROR;
				GCC_WARN_UNDECLARED_SELECTOR = YES;
				GCC_WARN_UNINITIALIZED_AUTOS = YES_AGGRESSIVE;
				GCC_WARN_UNUSED_FUNCTION = YES;
				GCC_WARN_UNUSED_VARIABLE = YES;
				IPHONEOS_DEPLOYMENT_TARGET = 11.2;
				MTL_ENABLE_DEBUG_INFO = YES;
				ONLY_ACTIVE_ARCH = YES;
				SDKROOT = iphoneos;
				SWIFT_ACTIVE_COMPILATION_CONDITIONS = DEBUG;
				SWIFT_OPTIMIZATION_LEVEL = "-Onone";
			};
			name = Debug;
		};
		C72091D61FF18AD40026227B /* Release */ = {
			isa = XCBuildConfiguration;
			buildSettings = {
				ALWAYS_SEARCH_USER_PATHS = NO;
				CLANG_ANALYZER_NONNULL = YES;
				CLANG_ANALYZER_NUMBER_OBJECT_CONVERSION = YES_AGGRESSIVE;
				CLANG_CXX_LANGUAGE_STANDARD = "gnu++14";
				CLANG_CXX_LIBRARY = "libc++";
				CLANG_ENABLE_MODULES = YES;
				CLANG_ENABLE_OBJC_ARC = YES;
				CLANG_WARN_BLOCK_CAPTURE_AUTORELEASING = YES;
				CLANG_WARN_BOOL_CONVERSION = YES;
				CLANG_WARN_COMMA = YES;
				CLANG_WARN_CONSTANT_CONVERSION = YES;
				CLANG_WARN_DIRECT_OBJC_ISA_USAGE = YES_ERROR;
				CLANG_WARN_DOCUMENTATION_COMMENTS = YES;
				CLANG_WARN_EMPTY_BODY = YES;
				CLANG_WARN_ENUM_CONVERSION = YES;
				CLANG_WARN_INFINITE_RECURSION = YES;
				CLANG_WARN_INT_CONVERSION = YES;
				CLANG_WARN_NON_LITERAL_NULL_CONVERSION = YES;
				CLANG_WARN_OBJC_LITERAL_CONVERSION = YES;
				CLANG_WARN_OBJC_ROOT_CLASS = YES_ERROR;
				CLANG_WARN_RANGE_LOOP_ANALYSIS = YES;
				CLANG_WARN_STRICT_PROTOTYPES = YES;
				CLANG_WARN_SUSPICIOUS_MOVE = YES;
				CLANG_WARN_UNGUARDED_AVAILABILITY = YES_AGGRESSIVE;
				CLANG_WARN_UNREACHABLE_CODE = YES;
				CLANG_WARN__DUPLICATE_METHOD_MATCH = YES;
				CODE_SIGN_IDENTITY = "iPhone Developer";
				COPY_PHASE_STRIP = NO;
				DEBUG_INFORMATION_FORMAT = "dwarf-with-dsym";
				ENABLE_NS_ASSERTIONS = NO;
				ENABLE_STRICT_OBJC_MSGSEND = YES;
				GCC_C_LANGUAGE_STANDARD = gnu11;
				GCC_NO_COMMON_BLOCKS = YES;
				GCC_WARN_64_TO_32_BIT_CONVERSION = YES;
				GCC_WARN_ABOUT_RETURN_TYPE = YES_ERROR;
				GCC_WARN_UNDECLARED_SELECTOR = YES;
				GCC_WARN_UNINITIALIZED_AUTOS = YES_AGGRESSIVE;
				GCC_WARN_UNUSED_FUNCTION = YES;
				GCC_WARN_UNUSED_VARIABLE = YES;
				IPHONEOS_DEPLOYMENT_TARGET = 11.2;
				MTL_ENABLE_DEBUG_INFO = NO;
				SDKROOT = iphoneos;
				SWIFT_OPTIMIZATION_LEVEL = "-Owholemodule";
				VALIDATE_PRODUCT = YES;
			};
			name = Release;
		};
		C72091D81FF18AD40026227B /* Debug */ = {
			isa = XCBuildConfiguration;
			buildSettings = {
				ASSETCATALOG_COMPILER_APPICON_NAME = AppIcon;
				CODE_SIGN_STYLE = Automatic;
				DEVELOPMENT_TEAM = 8KLD5Z38KG;
				INFOPLIST_FILE = "Beer tracker/Info.plist";
				LD_RUNPATH_SEARCH_PATHS = "$(inherited) @executable_path/Frameworks";
				PRODUCT_BUNDLE_IDENTIFIER = "MG.Beer-tracker";
				PRODUCT_NAME = "$(TARGET_NAME)";
				SWIFT_VERSION = 4.0;
				TARGETED_DEVICE_FAMILY = "1,2";
			};
			name = Debug;
		};
		C72091D91FF18AD40026227B /* Release */ = {
			isa = XCBuildConfiguration;
			buildSettings = {
				ASSETCATALOG_COMPILER_APPICON_NAME = AppIcon;
				CODE_SIGN_STYLE = Automatic;
				DEVELOPMENT_TEAM = 8KLD5Z38KG;
				INFOPLIST_FILE = "Beer tracker/Info.plist";
				LD_RUNPATH_SEARCH_PATHS = "$(inherited) @executable_path/Frameworks";
				PRODUCT_BUNDLE_IDENTIFIER = "MG.Beer-tracker";
				PRODUCT_NAME = "$(TARGET_NAME)";
				SWIFT_VERSION = 4.0;
				TARGETED_DEVICE_FAMILY = "1,2";
			};
			name = Release;
		};
/* End XCBuildConfiguration section */

/* Begin XCConfigurationList section */
		C72091C01FF18AD30026227B /* Build configuration list for PBXProject "Beer tracker" */ = {
			isa = XCConfigurationList;
			buildConfigurations = (
				C72091D51FF18AD40026227B /* Debug */,
				C72091D61FF18AD40026227B /* Release */,
			);
			defaultConfigurationIsVisible = 0;
			defaultConfigurationName = Release;
		};
		C72091D71FF18AD40026227B /* Build configuration list for PBXNativeTarget "Beer tracker" */ = {
			isa = XCConfigurationList;
			buildConfigurations = (
				C72091D81FF18AD40026227B /* Debug */,
				C72091D91FF18AD40026227B /* Release */,
			);
			defaultConfigurationIsVisible = 0;
			defaultConfigurationName = Release;
		};
/* End XCConfigurationList section */
	};
	rootObject = C72091BD1FF18AD30026227B /* Project object */;
}
